
Microsoft Visual Studio Solution File, Format Version 12.00
# Visual Studio 2013
VisualStudioVersion = 12.0.31101.0
MinimumVisualStudioVersion = 10.0.40219.1
Project("{FAE04EC0-301F-11D3-BF4B-00C04F79EFBC}") = "AspNetTotp", "AspNetTotp\AspNetTotp.csproj", "{B2441915-7B3C-4F0E-BB4E-C46E5FDE3279}"
EndProject
Project("{2150E333-8FDC-42A3-9474-1A3956D46DE8}") = "Solution Items", "Solution Items", "{2A46DCCF-867F-4479-B0B6-12A1B123D138}"
	ProjectSection(SolutionItems) = preProject
		Steps.txt = Steps.txt
	EndProjectSection
EndProject
Project("{2150E333-8FDC-42A3-9474-1A3956D46DE8}") = ".nuget", ".nuget", "{7400C7A7-E79F-4A5F-9838-1D82C0DA741E}"
	ProjectSection(SolutionItems) = preProject
		NuGet.config = NuGet.config
	EndProjectSection
EndProject
Project("{FAE04EC0-301F-11D3-BF4B-00C04F79EFBC}") = "DemoSite", "DemoSite\DemoSite.csproj", "{0D284C11-C360-422C-835C-BABB86B984E4}"
EndProject
Global
	GlobalSection(TeamFoundationVersionControl) = preSolution
		SccNumberOfProjects = 3
		SccEnterpriseProvider = {4CA58AB2-18FA-4F8D-95D4-32DDF27D184C}
		SccTeamFoundationServer = https://jcgillespie.visualstudio.com/defaultcollection
		SccLocalPath0 = .
		SccProjectUniqueName1 = AspNetTotp\\AspNetTotp.csproj
		SccProjectName1 = AspNetTotp
		SccLocalPath1 = AspNetTotp
		SccProjectUniqueName2 = DemoSite\\DemoSite.csproj
		SccProjectName2 = DemoSite
		SccLocalPath2 = DemoSite
	EndGlobalSection
	GlobalSection(SolutionConfigurationPlatforms) = preSolution
		Debug|Any CPU = Debug|Any CPU
		Release|Any CPU = Release|Any CPU
	EndGlobalSection
	GlobalSection(ProjectConfigurationPlatforms) = postSolution
		{B2441915-7B3C-4F0E-BB4E-C46E5FDE3279}.Debug|Any CPU.ActiveCfg = Debug|Any CPU
		{B2441915-7B3C-4F0E-BB4E-C46E5FDE3279}.Debug|Any CPU.Build.0 = Debug|Any CPU
		{B2441915-7B3C-4F0E-BB4E-C46E5FDE3279}.Release|Any CPU.ActiveCfg = Release|Any CPU
		{B2441915-7B3C-4F0E-BB4E-C46E5FDE3279}.Release|Any CPU.Build.0 = Release|Any CPU
		{0D284C11-C360-422C-835C-BABB86B984E4}.Debug|Any CPU.ActiveCfg = Debug|Any CPU
		{0D284C11-C360-422C-835C-BABB86B984E4}.Debug|Any CPU.Build.0 = Debug|Any CPU
		{0D284C11-C360-422C-835C-BABB86B984E4}.Release|Any CPU.ActiveCfg = Release|Any CPU
		{0D284C11-C360-422C-835C-BABB86B984E4}.Release|Any CPU.Build.0 = Release|Any CPU
	EndGlobalSection
	GlobalSection(SolutionProperties) = preSolution
		HideSolutionNode = FALSE
	EndGlobalSection
EndGlobal
